{
  "name": "SensorFumaca",
  "lockfileVersion": 3,
  "requires": true,
  "packages": {
    "": {
      "dependencies": {
        "socket": "^1.1.25"
      }
    },
    "node_modules/socket": {
      "version": "1.1.25",
      "resolved": "https://registry.npmjs.org/socket/-/socket-1.1.25.tgz",
      "integrity": "sha512-qtZOaQ5oHmZcN2QywxYjClCTC/+ZUZnGWXc8G8AE2voC3HW6mBikWSym2Yk6NYUq1BwMQ84uPaEVZ3+NOmT5Gg==",
      "bin": {
        "socket": "bin/cli.js",
        "socket-npm": "bin/npm-cli.js",
        "socket-npx": "bin/npx-cli.js",
        "socket-pnpm": "bin/pnpm-cli.js",
        "socket-yarn": "bin/yarn-cli.js"
      },
      "engines": {
        "node": ">=18",
        "pnpm": ">=10.16.0"
      }
    }
  }
}
